
Microsoft Visual Studio Solution File, Format Version 12.00
# Visual Studio Version 17
VisualStudioVersion = 17.2.32616.157
MinimumVisualStudioVersion = 10.0.40219.1
Project("{FAE04EC0-301F-11D3-BF4B-00C04F79EFBC}") = "IMC", "IMC\IMC.csproj", "{6AC9B8A7-75FE-42C6-9F84-B09DE0F0FBDF}"
EndProject
Global
	GlobalSection(SolutionConfigurationPlatforms) = preSolution
		Debug|Any CPU = Debug|Any CPU
		Release|Any CPU = Release|Any CPU
	EndGlobalSection
	GlobalSection(ProjectConfigurationPlatforms) = postSolution
		{6AC9B8A7-75FE-42C6-9F84-B09DE0F0FBDF}.Debug|Any CPU.ActiveCfg = Debug|Any CPU
		{6AC9B8A7-75FE-42C6-9F84-B09DE0F0FBDF}.Debug|Any CPU.Build.0 = Debug|Any CPU
		{6AC9B8A7-75FE-42C6-9F84-B09DE0F0FBDF}.Release|Any CPU.ActiveCfg = Release|Any CPU
		{6AC9B8A7-75FE-42C6-9F84-B09DE0F0FBDF}.Release|Any CPU.Build.0 = Release|Any CPU
	EndGlobalSection
	GlobalSection(SolutionProperties) = preSolution
		HideSolutionNode = FALSE
	EndGlobalSection
	GlobalSection(ExtensibilityGlobals) = postSolution
		SolutionGuid = {2177AF1C-F448-4F50-AD4D-2B61E3A43633}
	EndGlobalSection
EndGlobal
